
Microsoft Visual Studio Solution File, Format Version 12.00
# Visual Studio Version 16
VisualStudioVersion = 16.0.29306.81
MinimumVisualStudioVersion = 10.0.40219.1
Project("{FAE04EC0-301F-11D3-BF4B-00C04F79EFBC}") = "NoteKeeper.UWP", "NoteKeeper\NoteKeeper.UWP\NoteKeeper.UWP.csproj", "{ED5A6C12-E0B3-4531-803E-A482CB28C572}"
EndProject
Project("{FAE04EC0-301F-11D3-BF4B-00C04F79EFBC}") = "NoteKeeper.Android", "NoteKeeper\NoteKeeper.Android\NoteKeeper.Android.csproj", "{FB6238D5-6AF2-4257-BAC4-611CE35211BF}"
EndProject
Project("{FAE04EC0-301F-11D3-BF4B-00C04F79EFBC}") = "NoteKeeper.iOS", "NoteKeeper\NoteKeeper.iOS\NoteKeeper.iOS.csproj", "{2423E9A1-6E60-4171-9ABD-F191AC7A48F8}"
EndProject
Project("{FAE04EC0-301F-11D3-BF4B-00C04F79EFBC}") = "NoteKeeper", "NoteKeeper\NoteKeeper\NoteKeeper.csproj", "{52186C63-28F6-4024-AE61-F5F07E59BE38}"
EndProject
Global
	GlobalSection(SolutionConfigurationPlatforms) = preSolution
		Debug|Any CPU = Debug|Any CPU
		Debug|ARM = Debug|ARM
		Debug|iPhone = Debug|iPhone
		Debug|iPhoneSimulator = Debug|iPhoneSimulator
		Debug|x64 = Debug|x64
		Debug|x86 = Debug|x86
		Release|Any CPU = Release|Any CPU
		Release|ARM = Release|ARM
		Release|iPhone = Release|iPhone
		Release|iPhoneSimulator = Release|iPhoneSimulator
		Release|x64 = Release|x64
		Release|x86 = Release|x86
	EndGlobalSection
	GlobalSection(ProjectConfigurationPlatforms) = postSolution
		{ED5A6C12-E0B3-4531-803E-A482CB28C572}.Debug|Any CPU.ActiveCfg = Debug|x86
		{ED5A6C12-E0B3-4531-803E-A482CB28C572}.Debug|Any CPU.Build.0 = Debug|x86
		{ED5A6C12-E0B3-4531-803E-A482CB28C572}.Debug|Any CPU.Deploy.0 = Debug|x86
		{ED5A6C12-E0B3-4531-803E-A482CB28C572}.Debug|ARM.ActiveCfg = Debug|ARM
		{ED5A6C12-E0B3-4531-803E-A482CB28C572}.Debug|ARM.Build.0 = Debug|ARM
		{ED5A6C12-E0B3-4531-803E-A482CB28C572}.Debug|ARM.Deploy.0 = Debug|ARM
		{ED5A6C12-E0B3-4531-803E-A482CB28C572}.Debug|iPhone.ActiveCfg = Debug|x86
		{ED5A6C12-E0B3-4531-803E-A482CB28C572}.Debug|iPhone.Build.0 = Debug|x86
		{ED5A6C12-E0B3-4531-803E-A482CB28C572}.Debug|iPhone.Deploy.0 = Debug|x86
		{ED5A6C12-E0B3-4531-803E-A482CB28C572}.Debug|iPhoneSimulator.ActiveCfg = Debug|x86
		{ED5A6C12-E0B3-4531-803E-A482CB28C572}.Debug|iPhoneSimulator.Build.0 = Debug|x86
		{ED5A6C12-E0B3-4531-803E-A482CB28C572}.Debug|iPhoneSimulator.Deploy.0 = Debug|x86
		{ED5A6C12-E0B3-4531-803E-A482CB28C572}.Debug|x64.ActiveCfg = Debug|x64
		{ED5A6C12-E0B3-4531-803E-A482CB28C572}.Debug|x64.Build.0 = Debug|x64
		{ED5A6C12-E0B3-4531-803E-A482CB28C572}.Debug|x64.Deploy.0 = Debug|x64
		{ED5A6C12-E0B3-4531-803E-A482CB28C572}.Debug|x86.ActiveCfg = Debug|x86
		{ED5A6C12-E0B3-4531-803E-A482CB28C572}.Debug|x86.Build.0 = Debug|x86
		{ED5A6C12-E0B3-4531-803E-A482CB28C572}.Debug|x86.Deploy.0 = Debug|x86
		{ED5A6C12-E0B3-4531-803E-A482CB28C572}.Release|Any CPU.ActiveCfg = Release|x86
		{ED5A6C12-E0B3-4531-803E-A482CB28C572}.Release|Any CPU.Build.0 = Release|x86
		{ED5A6C12-E0B3-4531-803E-A482CB28C572}.Release|Any CPU.Deploy.0 = Release|x86
		{ED5A6C12-E0B3-4531-803E-A482CB28C572}.Release|ARM.ActiveCfg = Release|ARM
		{ED5A6C12-E0B3-4531-803E-A482CB28C572}.Release|ARM.Build.0 = Release|ARM
		{ED5A6C12-E0B3-4531-803E-A482CB28C572}.Release|ARM.Deploy.0 = Release|ARM
		{ED5A6C12-E0B3-4531-803E-A482CB28C572}.Release|iPhone.ActiveCfg = Release|x86
		{ED5A6C12-E0B3-4531-803E-A482CB28C572}.Release|iPhone.Build.0 = Release|x86
		{ED5A6C12-E0B3-4531-803E-A482CB28C572}.Release|iPhone.Deploy.0 = Release|x86
		{ED5A6C12-E0B3-4531-803E-A482CB28C572}.Release|iPhoneSimulator.ActiveCfg = Release|x86
		{ED5A6C12-E0B3-4531-803E-A482CB28C572}.Release|iPhoneSimulator.Build.0 = Release|x86
		{ED5A6C12-E0B3-4531-803E-A482CB28C572}.Release|iPhoneSimulator.Deploy.0 = Release|x86
		{ED5A6C12-E0B3-4531-803E-A482CB28C572}.Release|x64.ActiveCfg = Release|x64
		{ED5A6C12-E0B3-4531-803E-A482CB28C572}.Release|x64.Build.0 = Release|x64
		{ED5A6C12-E0B3-4531-803E-A482CB28C572}.Release|x64.Deploy.0 = Release|x64
		{ED5A6C12-E0B3-4531-803E-A482CB28C572}.Release|x86.ActiveCfg = Release|x86
		{ED5A6C12-E0B3-4531-803E-A482CB28C572}.Release|x86.Build.0 = Release|x86
		{ED5A6C12-E0B3-4531-803E-A482CB28C572}.Release|x86.Deploy.0 = Release|x86
		{FB6238D5-6AF2-4257-BAC4-611CE35211BF}.Debug|Any CPU.ActiveCfg = Debug|Any CPU
		{FB6238D5-6AF2-4257-BAC4-611CE35211BF}.Debug|Any CPU.Build.0 = Debug|Any CPU
		{FB6238D5-6AF2-4257-BAC4-611CE35211BF}.Debug|Any CPU.Deploy.0 = Debug|Any CPU
		{FB6238D5-6AF2-4257-BAC4-611CE35211BF}.Debug|ARM.ActiveCfg = Debug|Any CPU
		{FB6238D5-6AF2-4257-BAC4-611CE35211BF}.Debug|ARM.Build.0 = Debug|Any CPU
		{FB6238D5-6AF2-4257-BAC4-611CE35211BF}.Debug|ARM.Deploy.0 = Debug|Any CPU
		{FB6238D5-6AF2-4257-BAC4-611CE35211BF}.Debug|iPhone.ActiveCfg = Debug|Any CPU
		{FB6238D5-6AF2-4257-BAC4-611CE35211BF}.Debug|iPhone.Build.0 = Debug|Any CPU
		{FB6238D5-6AF2-4257-BAC4-611CE35211BF}.Debug|iPhone.Deploy.0 = Debug|Any CPU
		{FB6238D5-6AF2-4257-BAC4-611CE35211BF}.Debug|iPhoneSimulator.ActiveCfg = Debug|Any CPU
		{FB6238D5-6AF2-4257-BAC4-611CE35211BF}.Debug|iPhoneSimulator.Build.0 = Debug|Any CPU
		{FB6238D5-6AF2-4257-BAC4-611CE35211BF}.Debug|iPhoneSimulator.Deploy.0 = Debug|Any CPU
		{FB6238D5-6AF2-4257-BAC4-611CE35211BF}.Debug|x64.ActiveCfg = Debug|Any CPU
		{FB6238D5-6AF2-4257-BAC4-611CE35211BF}.Debug|x64.Build.0 = Debug|Any CPU
		{FB6238D5-6AF2-4257-BAC4-611CE35211BF}.Debug|x64.Deploy.0 = Debug|Any CPU
		{FB6238D5-6AF2-4257-BAC4-611CE35211BF}.Debug|x86.ActiveCfg = Debug|Any CPU
		{FB6238D5-6AF2-4257-BAC4-611CE35211BF}.Debug|x86.Build.0 = Debug|Any CPU
		{FB6238D5-6AF2-4257-BAC4-611CE35211BF}.Debug|x86.Deploy.0 = Debug|Any CPU
		{FB6238D5-6AF2-4257-BAC4-611CE35211BF}.Release|Any CPU.ActiveCfg = Release|Any CPU
		{FB6238D5-6AF2-4257-BAC4-611CE35211BF}.Release|Any CPU.Build.0 = Release|Any CPU
		{FB6238D5-6AF2-4257-BAC4-611CE35211BF}.Release|Any CPU.Deploy.0 = Release|Any CPU
		{FB6238D5-6AF2-4257-BAC4-611CE35211BF}.Release|ARM.ActiveCfg = Release|Any CPU
		{FB6238D5-6AF2-4257-BAC4-611CE35211BF}.Release|ARM.Build.0 = Release|Any CPU
		{FB6238D5-6AF2-4257-BAC4-611CE35211BF}.Release|ARM.Deploy.0 = Release|Any CPU
		{FB6238D5-6AF2-4257-BAC4-611CE35211BF}.Release|iPhone.ActiveCfg = Release|Any CPU
		{FB6238D5-6AF2-4257-BAC4-611CE35211BF}.Release|iPhone.Build.0 = Release|Any CPU
		{FB6238D5-6AF2-4257-BAC4-611CE35211BF}.Release|iPhone.Deploy.0 = Release|Any CPU
		{FB6238D5-6AF2-4257-BAC4-611CE35211BF}.Release|iPhoneSimulator.ActiveCfg = Release|Any CPU
		{FB6238D5-6AF2-4257-BAC4-611CE35211BF}.Release|iPhoneSimulator.Build.0 = Release|Any CPU
		{FB6238D5-6AF2-4257-BAC4-611CE35211BF}.Release|iPhoneSimulator.Deploy.0 = Release|Any CPU
		{FB6238D5-6AF2-4257-BAC4-611CE35211BF}.Release|x64.ActiveCfg = Release|Any CPU
		{FB6238D5-6AF2-4257-BAC4-611CE35211BF}.Release|x64.Build.0 = Release|Any CPU
		{FB6238D5-6AF2-4257-BAC4-611CE35211BF}.Release|x64.Deploy.0 = Release|Any CPU
		{FB6238D5-6AF2-4257-BAC4-611CE35211BF}.Release|x86.ActiveCfg = Release|Any CPU
		{FB6238D5-6AF2-4257-BAC4-611CE35211BF}.Release|x86.Build.0 = Release|Any CPU
		{FB6238D5-6AF2-4257-BAC4-611CE35211BF}.Release|x86.Deploy.0 = Release|Any CPU
		{2423E9A1-6E60-4171-9ABD-F191AC7A48F8}.Debug|Any CPU.ActiveCfg = Debug|iPhone
		{2423E9A1-6E60-4171-9ABD-F191AC7A48F8}.Debug|Any CPU.Build.0 = Debug|iPhone
		{2423E9A1-6E60-4171-9ABD-F191AC7A48F8}.Debug|Any CPU.Deploy.0 = Debug|iPhone
		{2423E9A1-6E60-4171-9ABD-F191AC7A48F8}.Debug|ARM.ActiveCfg = Debug|iPhoneSimulator
		{2423E9A1-6E60-4171-9ABD-F191AC7A48F8}.Debug|ARM.Build.0 = Debug|iPhoneSimulator
		{2423E9A1-6E60-4171-9ABD-F191AC7A48F8}.Debug|ARM.Deploy.0 = Debug|iPhoneSimulator
		{2423E9A1-6E60-4171-9ABD-F191AC7A48F8}.Debug|iPhone.ActiveCfg = Debug|iPhone
		{2423E9A1-6E60-4171-9ABD-F191AC7A48F8}.Debug|iPhone.Build.0 = Debug|iPhone
		{2423E9A1-6E60-4171-9ABD-F191AC7A48F8}.Debug|iPhone.Deploy.0 = Debug|iPhone
		{2423E9A1-6E60-4171-9ABD-F191AC7A48F8}.Debug|iPhoneSimulator.ActiveCfg = Debug|iPhoneSimulator
		{2423E9A1-6E60-4171-9ABD-F191AC7A48F8}.Debug|iPhoneSimulator.Build.0 = Debug|iPhoneSimulator
		{2423E9A1-6E60-4171-9ABD-F191AC7A48F8}.Debug|iPhoneSimulator.Deploy.0 = Debug|iPhoneSimulator
		{2423E9A1-6E60-4171-9ABD-F191AC7A48F8}.Debug|x64.ActiveCfg = Debug|iPhone
		{2423E9A1-6E60-4171-9ABD-F191AC7A48F8}.Debug|x64.Build.0 = Debug|iPhone
		{2423E9A1-6E60-4171-9ABD-F191AC7A48F8}.Debug|x64.Deploy.0 = Debug|iPhone
		{2423E9A1-6E60-4171-9ABD-F191AC7A48F8}.Debug|x86.ActiveCfg = Debug|iPhone
		{2423E9A1-6E60-4171-9ABD-F191AC7A48F8}.Debug|x86.Build.0 = Debug|iPhone
		{2423E9A1-6E60-4171-9ABD-F191AC7A48F8}.Debug|x86.Deploy.0 = Debug|iPhone
		{2423E9A1-6E60-4171-9ABD-F191AC7A48F8}.Release|Any CPU.ActiveCfg = Release|iPhone
		{2423E9A1-6E60-4171-9ABD-F191AC7A48F8}.Release|Any CPU.Build.0 = Release|iPhone
		{2423E9A1-6E60-4171-9ABD-F191AC7A48F8}.Release|Any CPU.Deploy.0 = Release|iPhone
		{2423E9A1-6E60-4171-9ABD-F191AC7A48F8}.Release|ARM.ActiveCfg = Release|iPhone
		{2423E9A1-6E60-4171-9ABD-F191AC7A48F8}.Release|ARM.Build.0 = Release|iPhone
		{2423E9A1-6E60-4171-9ABD-F191AC7A48F8}.Release|ARM.Deploy.0 = Release|iPhone
		{2423E9A1-6E60-4171-9ABD-F191AC7A48F8}.Release|iPhone.ActiveCfg = Release|iPhone
		{2423E9A1-6E60-4171-9ABD-F191AC7A48F8}.Release|iPhone.Build.0 = Release|iPhone
		{2423E9A1-6E60-4171-9ABD-F191AC7A48F8}.Release|iPhone.Deploy.0 = Release|iPhone
		{2423E9A1-6E60-4171-9ABD-F191AC7A48F8}.Release|iPhoneSimulator.ActiveCfg = Release|iPhoneSimulator
		{2423E9A1-6E60-4171-9ABD-F191AC7A48F8}.Release|iPhoneSimulator.Build.0 = Release|iPhoneSimulator
		{2423E9A1-6E60-4171-9ABD-F191AC7A48F8}.Release|iPhoneSimulator.Deploy.0 = Release|iPhoneSimulator
		{2423E9A1-6E60-4171-9ABD-F191AC7A48F8}.Release|x64.ActiveCfg = Release|iPhone
		{2423E9A1-6E60-4171-9ABD-F191AC7A48F8}.Release|x64.Build.0 = Release|iPhone
		{2423E9A1-6E60-4171-9ABD-F191AC7A48F8}.Release|x64.Deploy.0 = Release|iPhone
		{2423E9A1-6E60-4171-9ABD-F191AC7A48F8}.Release|x86.ActiveCfg = Release|iPhone
		{2423E9A1-6E60-4171-9ABD-F191AC7A48F8}.Release|x86.Build.0 = Release|iPhone
		{2423E9A1-6E60-4171-9ABD-F191AC7A48F8}.Release|x86.Deploy.0 = Release|iPhone
		{52186C63-28F6-4024-AE61-F5F07E59BE38}.Debug|Any CPU.ActiveCfg = Debug|Any CPU
		{52186C63-28F6-4024-AE61-F5F07E59BE38}.Debug|Any CPU.Build.0 = Debug|Any CPU
		{52186C63-28F6-4024-AE61-F5F07E59BE38}.Debug|Any CPU.Deploy.0 = Debug|Any CPU
		{52186C63-28F6-4024-AE61-F5F07E59BE38}.Debug|ARM.ActiveCfg = Debug|Any CPU
		{52186C63-28F6-4024-AE61-F5F07E59BE38}.Debug|ARM.Build.0 = Debug|Any CPU
		{52186C63-28F6-4024-AE61-F5F07E59BE38}.Debug|ARM.Deploy.0 = Debug|Any CPU
		{52186C63-28F6-4024-AE61-F5F07E59BE38}.Debug|iPhone.ActiveCfg = Debug|Any CPU
		{52186C63-28F6-4024-AE61-F5F07E59BE38}.Debug|iPhone.Build.0 = Debug|Any CPU
		{52186C63-28F6-4024-AE61-F5F07E59BE38}.Debug|iPhone.Deploy.0 = Debug|Any CPU
		{52186C63-28F6-4024-AE61-F5F07E59BE38}.Debug|iPhoneSimulator.ActiveCfg = Debug|Any CPU
		{52186C63-28F6-4024-AE61-F5F07E59BE38}.Debug|iPhoneSimulator.Build.0 = Debug|Any CPU
		{52186C63-28F6-4024-AE61-F5F07E59BE38}.Debug|iPhoneSimulator.Deploy.0 = Debug|Any CPU
		{52186C63-28F6-4024-AE61-F5F07E59BE38}.Debug|x64.ActiveCfg = Debug|Any CPU
		{52186C63-28F6-4024-AE61-F5F07E59BE38}.Debug|x64.Build.0 = Debug|Any CPU
		{52186C63-28F6-4024-AE61-F5F07E59BE38}.Debug|x64.Deploy.0 = Debug|Any CPU
		{52186C63-28F6-4024-AE61-F5F07E59BE38}.Debug|x86.ActiveCfg = Debug|Any CPU
		{52186C63-28F6-4024-AE61-F5F07E59BE38}.Debug|x86.Build.0 = Debug|Any CPU
		{52186C63-28F6-4024-AE61-F5F07E59BE38}.Debug|x86.Deploy.0 = Debug|Any CPU
		{52186C63-28F6-4024-AE61-F5F07E59BE38}.Release|Any CPU.ActiveCfg = Release|Any CPU
		{52186C63-28F6-4024-AE61-F5F07E59BE38}.Release|Any CPU.Build.0 = Release|Any CPU
		{52186C63-28F6-4024-AE61-F5F07E59BE38}.Release|Any CPU.Deploy.0 = Release|Any CPU
		{52186C63-28F6-4024-AE61-F5F07E59BE38}.Release|ARM.ActiveCfg = Release|Any CPU
		{52186C63-28F6-4024-AE61-F5F07E59BE38}.Release|ARM.Build.0 = Release|Any CPU
		{52186C63-28F6-4024-AE61-F5F07E59BE38}.Release|ARM.Deploy.0 = Release|Any CPU
		{52186C63-28F6-4024-AE61-F5F07E59BE38}.Release|iPhone.ActiveCfg = Release|Any CPU
		{52186C63-28F6-4024-AE61-F5F07E59BE38}.Release|iPhone.Build.0 = Release|Any CPU
		{52186C63-28F6-4024-AE61-F5F07E59BE38}.Release|iPhone.Deploy.0 = Release|Any CPU
		{52186C63-28F6-4024-AE61-F5F07E59BE38}.Release|iPhoneSimulator.ActiveCfg = Release|Any CPU
		{52186C63-28F6-4024-AE61-F5F07E59BE38}.Release|iPhoneSimulator.Build.0 = Release|Any CPU
		{52186C63-28F6-4024-AE61-F5F07E59BE38}.Release|iPhoneSimulator.Deploy.0 = Release|Any CPU
		{52186C63-28F6-4024-AE61-F5F07E59BE38}.Release|x64.ActiveCfg = Release|Any CPU
		{52186C63-28F6-4024-AE61-F5F07E59BE38}.Release|x64.Build.0 = Release|Any CPU
		{52186C63-28F6-4024-AE61-F5F07E59BE38}.Release|x64.Deploy.0 = Release|Any CPU
		{52186C63-28F6-4024-AE61-F5F07E59BE38}.Release|x86.ActiveCfg = Release|Any CPU
		{52186C63-28F6-4024-AE61-F5F07E59BE38}.Release|x86.Build.0 = Release|Any CPU
		{52186C63-28F6-4024-AE61-F5F07E59BE38}.Release|x86.Deploy.0 = Release|Any CPU
	EndGlobalSection
	GlobalSection(SolutionProperties) = preSolution
		HideSolutionNode = FALSE
	EndGlobalSection
	GlobalSection(ExtensibilityGlobals) = postSolution
		SolutionGuid = {FCD05801-ABC0-4A72-B7A3-55EA0F585F01}
	EndGlobalSection
EndGlobal
